
Microsoft Visual Studio Solution File, Format Version 12.00
# Visual Studio Version 17
VisualStudioVersion = 17.3.32929.385
MinimumVisualStudioVersion = 10.0.40219.1
Project("{FAE04EC0-301F-11D3-BF4B-00C04F79EFBC}") = "WindowsFormsApp41", "WindowsFormsApp41\WindowsFormsApp41.csproj", "{6A4179B2-AEE1-4E46-9C85-52891DCFD307}"
EndProject
Global
	GlobalSection(SolutionConfigurationPlatforms) = preSolution
		Debug|Any CPU = Debug|Any CPU
		Release|Any CPU = Release|Any CPU
	EndGlobalSection
	GlobalSection(ProjectConfigurationPlatforms) = postSolution
		{6A4179B2-AEE1-4E46-9C85-52891DCFD307}.Debug|Any CPU.ActiveCfg = Debug|Any CPU
		{6A4179B2-AEE1-4E46-9C85-52891DCFD307}.Debug|Any CPU.Build.0 = Debug|Any CPU
		{6A4179B2-AEE1-4E46-9C85-52891DCFD307}.Release|Any CPU.ActiveCfg = Release|Any CPU
		{6A4179B2-AEE1-4E46-9C85-52891DCFD307}.Release|Any CPU.Build.0 = Release|Any CPU
	EndGlobalSection
	GlobalSection(SolutionProperties) = preSolution
		HideSolutionNode = FALSE
	EndGlobalSection
	GlobalSection(ExtensibilityGlobals) = postSolution
		SolutionGuid = {084A6EFB-E5B3-4E2B-92E4-4611A6F2C398}
	EndGlobalSection
EndGlobal
